
Microsoft Visual Studio Solution File, Format Version 11.00
# Visual C# Express 2010
Project("{FAE04EC0-301F-11D3-BF4B-00C04F79EFBC}") = "TurnLive_Terminal", "TurnLive_Terminal\TurnLive_Terminal.csproj", "{893E40A9-0AE5-481E-BE48-5F5F11473881}"
EndProject
Global
	GlobalSection(SolutionConfigurationPlatforms) = preSolution
		Debug|x86 = Debug|x86
		Release|x86 = Release|x86
	EndGlobalSection
	GlobalSection(ProjectConfigurationPlatforms) = postSolution
		{893E40A9-0AE5-481E-BE48-5F5F11473881}.Debug|x86.ActiveCfg = Debug|x86
		{893E40A9-0AE5-481E-BE48-5F5F11473881}.Debug|x86.Build.0 = Debug|x86
		{893E40A9-0AE5-481E-BE48-5F5F11473881}.Release|x86.ActiveCfg = Release|x86
		{893E40A9-0AE5-481E-BE48-5F5F11473881}.Release|x86.Build.0 = Release|x86
	EndGlobalSection
	GlobalSection(SolutionProperties) = preSolution
		HideSolutionNode = FALSE
	EndGlobalSection
EndGlobal
